
Microsoft Visual Studio Solution File, Format Version 12.00
# Visual Studio 15
VisualStudioVersion = 15.0.28307.1525
MinimumVisualStudioVersion = 10.0.40219.1
Project("{FAE04EC0-301F-11D3-BF4B-00C04F79EFBC}") = "NinjaProjectTest", "NinjaProjectTest\NinjaProjectTest.csproj", "{3ED9779F-F1AC-479C-B587-784B333D84C4}"
EndProject
Project("{FAE04EC0-301F-11D3-BF4B-00C04F79EFBC}") = "NinjaProjectTest.UnitTest", "NinjaProjectTest.UnitTest\NinjaProjectTest.UnitTest.csproj", "{2F45CB26-7FA2-4F52-BB16-6687AEB7728C}"
EndProject
Global
	GlobalSection(SolutionConfigurationPlatforms) = preSolution
		Debug|Any CPU = Debug|Any CPU
		Release|Any CPU = Release|Any CPU
	EndGlobalSection
	GlobalSection(ProjectConfigurationPlatforms) = postSolution
		{3ED9779F-F1AC-479C-B587-784B333D84C4}.Debug|Any CPU.ActiveCfg = Debug|Any CPU
		{3ED9779F-F1AC-479C-B587-784B333D84C4}.Debug|Any CPU.Build.0 = Debug|Any CPU
		{3ED9779F-F1AC-479C-B587-784B333D84C4}.Release|Any CPU.ActiveCfg = Release|Any CPU
		{3ED9779F-F1AC-479C-B587-784B333D84C4}.Release|Any CPU.Build.0 = Release|Any CPU
		{2F45CB26-7FA2-4F52-BB16-6687AEB7728C}.Debug|Any CPU.ActiveCfg = Debug|Any CPU
		{2F45CB26-7FA2-4F52-BB16-6687AEB7728C}.Debug|Any CPU.Build.0 = Debug|Any CPU
		{2F45CB26-7FA2-4F52-BB16-6687AEB7728C}.Release|Any CPU.ActiveCfg = Release|Any CPU
		{2F45CB26-7FA2-4F52-BB16-6687AEB7728C}.Release|Any CPU.Build.0 = Release|Any CPU
	EndGlobalSection
	GlobalSection(SolutionProperties) = preSolution
		HideSolutionNode = FALSE
	EndGlobalSection
	GlobalSection(ExtensibilityGlobals) = postSolution
		SolutionGuid = {CC675A04-6B8F-49D6-9818-63EEB7F8D328}
	EndGlobalSection
EndGlobal
